
Microsoft Visual Studio Solution File, Format Version 12.00
# Visual Studio Version 17
VisualStudioVersion = 17.6.33723.286
MinimumVisualStudioVersion = 10.0.40219.1
Project("{9A19103F-16F7-4668-BE54-9A1E7A4F7556}") = "AsyncStuff", "AsyncStuff.csproj", "{A4C9197F-0AAC-49CD-85AE-D1917DC9190D}"
EndProject
Global
	GlobalSection(SolutionConfigurationPlatforms) = preSolution
		Debug|Any CPU = Debug|Any CPU
		Release|Any CPU = Release|Any CPU
	EndGlobalSection
	GlobalSection(ProjectConfigurationPlatforms) = postSolution
		{A4C9197F-0AAC-49CD-85AE-D1917DC9190D}.Debug|Any CPU.ActiveCfg = Debug|Any CPU
		{A4C9197F-0AAC-49CD-85AE-D1917DC9190D}.Debug|Any CPU.Build.0 = Debug|Any CPU
		{A4C9197F-0AAC-49CD-85AE-D1917DC9190D}.Release|Any CPU.ActiveCfg = Release|Any CPU
		{A4C9197F-0AAC-49CD-85AE-D1917DC9190D}.Release|Any CPU.Build.0 = Release|Any CPU
	EndGlobalSection
	GlobalSection(SolutionProperties) = preSolution
		HideSolutionNode = FALSE
	EndGlobalSection
	GlobalSection(ExtensibilityGlobals) = postSolution
		SolutionGuid = {256682BB-E8E4-4A3F-933B-ECBEBA707C51}
	EndGlobalSection
EndGlobal
